// !$*UTF8*$!
{
	archiveVersion = 1;
	classes = {
	};
	objectVersion = 55;
	objects = {

/* Begin PBXBuildFile section */
		C85DB3202AE6643E00F1CC5F /* Realm in Frameworks */ = {isa = PBXBuildFile; productRef = C85DB31F2AE6643E00F1CC5F /* Realm */; };
		C85DB3222AE6643E00F1CC5F /* RealmSwift in Frameworks */ = {isa = PBXBuildFile; productRef = C85DB3212AE6643E00F1CC5F /* RealmSwift */; };
		C88FDEF72791BBED009A40FD /* AddOperationViewController.swift in Sources */ = {isa = PBXBuildFile; fileRef = C88FDEF62791BBED009A40FD /* AddOperationViewController.swift */; };
		C8B4E25C2790594A0043D396 /* AppDelegate.swift in Sources */ = {isa = PBXBuildFile; fileRef = C8B4E25B2790594A0043D396 /* AppDelegate.swift */; };
		C8B4E2602790594A0043D396 /* ViewController.swift in Sources */ = {isa = PBXBuildFile; fileRef = C8B4E25F2790594A0043D396 /* ViewController.swift */; };
		C8B4E2632790594A0043D396 /* Main.storyboard in Resources */ = {isa = PBXBuildFile; fileRef = C8B4E2612790594A0043D396 /* Main.storyboard */; };
		C8B4E2652790594D0043D396 /* Assets.xcassets in Resources */ = {isa = PBXBuildFile; fileRef = C8B4E2642790594D0043D396 /* Assets.xcassets */; };
		C8B4E2682790594D0043D396 /* LaunchScreen.storyboard in Resources */ = {isa = PBXBuildFile; fileRef = C8B4E2662790594D0043D396 /* LaunchScreen.storyboard */; };
		C8B4E2702790797A0043D396 /* OperationTableViewCell.swift in Sources */ = {isa = PBXBuildFile; fileRef = C8B4E26F2790797A0043D396 /* OperationTableViewCell.swift */; };
		C8D5FEE82796E34D000D0DC0 /* Operation.swift in Sources */ = {isa = PBXBuildFile; fileRef = C8D5FEE72796E34D000D0DC0 /* Operation.swift */; };
		C8E190CE279C88B50089D195 /* InfoViewController.swift in Sources */ = {isa = PBXBuildFile; fileRef = C8E190CD279C88B50089D195 /* InfoViewController.swift */; };
/* End PBXBuildFile section */

/* Begin PBXFileReference section */
		C88FDEF62791BBED009A40FD /* AddOperationViewController.swift */ = {isa = PBXFileReference; lastKnownFileType = sourcecode.swift; path = AddOperationViewController.swift; sourceTree = "<group>"; };
		C8B4E2582790594A0043D396 /* Profit.app */ = {isa = PBXFileReference; explicitFileType = wrapper.application; includeInIndex = 0; path = Profit.app; sourceTree = BUILT_PRODUCTS_DIR; };
		C8B4E25B2790594A0043D396 /* AppDelegate.swift */ = {isa = PBXFileReference; lastKnownFileType = sourcecode.swift; path = AppDelegate.swift; sourceTree = "<group>"; };
		C8B4E25F2790594A0043D396 /* ViewController.swift */ = {isa = PBXFileReference; lastKnownFileType = sourcecode.swift; path = ViewController.swift; sourceTree = "<group>"; };
		C8B4E2622790594A0043D396 /* Base */ = {isa = PBXFileReference; lastKnownFileType = file.storyboard; name = Base; path = Base.lproj/Main.storyboard; sourceTree = "<group>"; };
		C8B4E2642790594D0043D396 /* Assets.xcassets */ = {isa = PBXFileReference; lastKnownFileType = folder.assetcatalog; path = Assets.xcassets; sourceTree = "<group>"; };
		C8B4E2672790594D0043D396 /* Base */ = {isa = PBXFileReference; lastKnownFileType = file.storyboard; name = Base; path = Base.lproj/LaunchScreen.storyboard; sourceTree = "<group>"; };
		C8B4E2692790594D0043D396 /* Info.plist */ = {isa = PBXFileReference; lastKnownFileType = text.plist.xml; path = Info.plist; sourceTree = "<group>"; };
		C8B4E26F2790797A0043D396 /* OperationTableViewCell.swift */ = {isa = PBXFileReference; lastKnownFileType = sourcecode.swift; path = OperationTableViewCell.swift; sourceTree = "<group>"; };
		C8D5FEE72796E34D000D0DC0 /* Operation.swift */ = {isa = PBXFileReference; lastKnownFileType = sourcecode.swift; path = Operation.swift; sourceTree = "<group>"; };
		C8E190CD279C88B50089D195 /* InfoViewController.swift */ = {isa = PBXFileReference; lastKnownFileType = sourcecode.swift; path = InfoViewController.swift; sourceTree = "<group>"; };
/* End PBXFileReference section */

/* Begin PBXFrameworksBuildPhase section */
		C8B4E2552790594A0043D396 /* Frameworks */ = {
			isa = PBXFrameworksBuildPhase;
			buildActionMask = 2147483647;
			files = (
				C85DB3222AE6643E00F1CC5F /* RealmSwift in Frameworks */,
				C85DB3202AE6643E00F1CC5F /* Realm in Frameworks */,
			);
			runOnlyForDeploymentPostprocessing = 0;
		};
/* End PBXFrameworksBuildPhase section */

/* Begin PBXGroup section */
		C85DB3232AE6644B00F1CC5F /* Model */ = {
			isa = PBXGroup;
			children = (
				C8D5FEE72796E34D000D0DC0 /* Operation.swift */,
			);
			path = Model;
			sourceTree = "<group>";
		};
		C85DB3242AE6646500F1CC5F /* View */ = {
			isa = PBXGroup;
			children = (
				C8B4E25F2790594A0043D396 /* ViewController.swift */,
				C88FDEF62791BBED009A40FD /* AddOperationViewController.swift */,
				C8E190CD279C88B50089D195 /* InfoViewController.swift */,
				C8B4E26F2790797A0043D396 /* OperationTableViewCell.swift */,
			);
			path = View;
			sourceTree = "<group>";
		};
		C8B4E24F2790594A0043D396 = {
			isa = PBXGroup;
			children = (
				C8B4E25A2790594A0043D396 /* Profit */,
				C8B4E2592790594A0043D396 /* Products */,
			);
			sourceTree = "<group>";
		};
		C8B4E2592790594A0043D396 /* Products */ = {
			isa = PBXGroup;
			children = (
				C8B4E2582790594A0043D396 /* Profit.app */,
			);
			name = Products;
			sourceTree = "<group>";
		};
		C8B4E25A2790594A0043D396 /* Profit */ = {
			isa = PBXGroup;
			children = (
				C85DB3232AE6644B00F1CC5F /* Model */,
				C85DB3242AE6646500F1CC5F /* View */,
				C8B4E25B2790594A0043D396 /* AppDelegate.swift */,
				C8B4E2612790594A0043D396 /* Main.storyboard */,
				C8B4E2642790594D0043D396 /* Assets.xcassets */,
				C8B4E2662790594D0043D396 /* LaunchScreen.storyboard */,
				C8B4E2692790594D0043D396 /* Info.plist */,
			);
			path = Profit;
			sourceTree = "<group>";
		};
/* End PBXGroup section */

/* Begin PBXNativeTarget section */
		C8B4E2572790594A0043D396 /* Profit */ = {
			isa = PBXNativeTarget;
			buildConfigurationList = C8B4E26C2790594D0043D396 /* Build configuration list for PBXNativeTarget "Profit" */;
			buildPhases = (
				C8B4E2542790594A0043D396 /* Sources */,
				C8B4E2552790594A0043D396 /* Frameworks */,
				C8B4E2562790594A0043D396 /* Resources */,
			);
			buildRules = (
			);
			dependencies = (
			);
			name = Profit;
			packageProductDependencies = (
				C85DB31F2AE6643E00F1CC5F /* Realm */,
				C85DB3212AE6643E00F1CC5F /* RealmSwift */,
			);
			productName = Profit;
			productReference = C8B4E2582790594A0043D396 /* Profit.app */;
			productType = "com.apple.product-type.application";
		};
/* End PBXNativeTarget section */

/* Begin PBXProject section */
		C8B4E2502790594A0043D396 /* Project object */ = {
			isa = PBXProject;
			attributes = {
				BuildIndependentTargetsInParallel = YES;
				LastSwiftUpdateCheck = 1250;
				LastUpgradeCheck = 1500;
				TargetAttributes = {
					C8B4E2572790594A0043D396 = {
						CreatedOnToolsVersion = 12.5.1;
					};
				};
			};
			buildConfigurationList = C8B4E2532790594A0043D396 /* Build configuration list for PBXProject "Profit" */;
			compatibilityVersion = "Xcode 13.0";
			developmentRegion = en;
			hasScannedForEncodings = 0;
			knownRegions = (
				en,
				Base,
			);
			mainGroup = C8B4E24F2790594A0043D396;
			packageReferences = (
				C85DB31E2AE6643E00F1CC5F /* XCRemoteSwiftPackageReference "realm-swift" */,
			);
			productRefGroup = C8B4E2592790594A0043D396 /* Products */;
			projectDirPath = "";
			projectRoot = "";
			targets = (
				C8B4E2572790594A0043D396 /* Profit */,
			);
		};
/* End PBXProject section */

/* Begin PBXResourcesBuildPhase section */
		C8B4E2562790594A0043D396 /* Resources */ = {
			isa = PBXResourcesBuildPhase;
			buildActionMask = 2147483647;
			files = (
				C8B4E2682790594D0043D396 /* LaunchScreen.storyboard in Resources */,
				C8B4E2652790594D0043D396 /* Assets.xcassets in Resources */,
				C8B4E2632790594A0043D396 /* Main.storyboard in Resources */,
			);
			runOnlyForDeploymentPostprocessing = 0;
		};
/* End PBXResourcesBuildPhase section */

/* Begin PBXSourcesBuildPhase section */
		C8B4E2542790594A0043D396 /* Sources */ = {
			isa = PBXSourcesBuildPhase;
			buildActionMask = 2147483647;
			files = (
				C88FDEF72791BBED009A40FD /* AddOperationViewController.swift in Sources */,
				C8B4E2602790594A0043D396 /* ViewController.swift in Sources */,
				C8B4E2702790797A0043D396 /* OperationTableViewCell.swift in Sources */,
				C8D5FEE82796E34D000D0DC0 /* Operation.swift in Sources */,
				C8E190CE279C88B50089D195 /* InfoViewController.swift in Sources */,
				C8B4E25C2790594A0043D396 /* AppDelegate.swift in Sources */,
			);
			runOnlyForDeploymentPostprocessing = 0;
		};
/* End PBXSourcesBuildPhase section */

/* Begin PBXVariantGroup section */
		C8B4E2612790594A0043D396 /* Main.storyboard */ = {
			isa = PBXVariantGroup;
			children = (
				C8B4E2622790594A0043D396 /* Base */,
			);
			name = Main.storyboard;
			sourceTree = "<group>";
		};
		C8B4E2662790594D0043D396 /* LaunchScreen.storyboard */ = {
			isa = PBXVariantGroup;
			children = (
				C8B4E2672790594D0043D396 /* Base */,
			);
			name = LaunchScreen.storyboard;
			sourceTree = "<group>";
		};
/* End PBXVariantGroup section */

/* Begin XCBuildConfiguration section */
		C8B4E26A2790594D0043D396 /* Debug */ = {
			isa = XCBuildConfiguration;
			buildSettings = {
				ALWAYS_SEARCH_USER_PATHS = NO;
				CLANG_ANALYZER_NONNULL = YES;
				CLANG_ANALYZER_NUMBER_OBJECT_CONVERSION = YES_AGGRESSIVE;
				CLANG_CXX_LANGUAGE_STANDARD = "gnu++14";
				CLANG_CXX_LIBRARY = "libc++";
				CLANG_ENABLE_MODULES = YES;
				CLANG_ENABLE_OBJC_ARC = YES;
				CLANG_ENABLE_OBJC_WEAK = YES;
				CLANG_WARN_BLOCK_CAPTURE_AUTORELEASING = YES;
				CLANG_WARN_BOOL_CONVERSION = YES;
				CLANG_WARN_COMMA = YES;
				CLANG_WARN_CONSTANT_CONVERSION = YES;
				CLANG_WARN_DEPRECATED_OBJC_IMPLEMENTATIONS = YES;
				CLANG_WARN_DIRECT_OBJC_ISA_USAGE = YES_ERROR;
				CLANG_WARN_DOCUMENTATION_COMMENTS = YES;
				CLANG_WARN_EMPTY_BODY = YES;
				CLANG_WARN_ENUM_CONVERSION = YES;
				CLANG_WARN_INFINITE_RECURSION = YES;
				CLANG_WARN_INT_CONVERSION = YES;
				CLANG_WARN_NON_LITERAL_NULL_CONVERSION = YES;
				CLANG_WARN_OBJC_IMPLICIT_RETAIN_SELF = YES;
				CLANG_WARN_OBJC_LITERAL_CONVERSION = YES;
				CLANG_WARN_OBJC_ROOT_CLASS = YES_ERROR;
				CLANG_WARN_QUOTED_INCLUDE_IN_FRAMEWORK_HEADER = YES;
				CLANG_WARN_RANGE_LOOP_ANALYSIS = YES;
				CLANG_WARN_STRICT_PROTOTYPES = YES;
				CLANG_WARN_SUSPICIOUS_MOVE = YES;
				CLANG_WARN_UNGUARDED_AVAILABILITY = YES_AGGRESSIVE;
				CLANG_WARN_UNREACHABLE_CODE = YES;
				CLANG_WARN__DUPLICATE_METHOD_MATCH = YES;
				COPY_PHASE_STRIP = NO;
				DEBUG_INFORMATION_FORMAT = dwarf;
				ENABLE_STRICT_OBJC_MSGSEND = YES;
				ENABLE_TESTABILITY = YES;
				ENABLE_USER_SCRIPT_SANDBOXING = YES;
				GCC_C_LANGUAGE_STANDARD = gnu11;
				GCC_DYNAMIC_NO_PIC = NO;
				GCC_NO_COMMON_BLOCKS = YES;
				GCC_OPTIMIZATION_LEVEL = 0;
				GCC_PREPROCESSOR_DEFINITIONS = (
					"DEBUG=1",
					"$(inherited)",
				);
				GCC_WARN_64_TO_32_BIT_CONVERSION = YES;
				GCC_WARN_ABOUT_RETURN_TYPE = YES_ERROR;
				GCC_WARN_UNDECLARED_SELECTOR = YES;
				GCC_WARN_UNINITIALIZED_AUTOS = YES_AGGRESSIVE;
				GCC_WARN_UNUSED_FUNCTION = YES;
				GCC_WARN_UNUSED_VARIABLE = YES;
				IPHONEOS_DEPLOYMENT_TARGET = 12.0;
				MTL_ENABLE_DEBUG_INFO = INCLUDE_SOURCE;
				MTL_FAST_MATH = YES;
				ONLY_ACTIVE_ARCH = YES;
				SDKROOT = iphoneos;
				SWIFT_ACTIVE_COMPILATION_CONDITIONS = DEBUG;
				SWIFT_OPTIMIZATION_LEVEL = "-Onone";
			};
			name = Debug;
		};
		C8B4E26B2790594D0043D396 /* Release */ = {
			isa = XCBuildConfiguration;
			buildSettings = {
				ALWAYS_SEARCH_USER_PATHS = NO;
				CLANG_ANALYZER_NONNULL = YES;
				CLANG_ANALYZER_NUMBER_OBJECT_CONVERSION = YES_AGGRESSIVE;
				CLANG_CXX_LANGUAGE_STANDARD = "gnu++14";
				CLANG_CXX_LIBRARY = "libc++";
				CLANG_ENABLE_MODULES = YES;
				CLANG_ENABLE_OBJC_ARC = YES;
				CLANG_ENABLE_OBJC_WEAK = YES;
				CLANG_WARN_BLOCK_CAPTURE_AUTORELEASING = YES;
				CLANG_WARN_BOOL_CONVERSION = YES;
				CLANG_WARN_COMMA = YES;
				CLANG_WARN_CONSTANT_CONVERSION = YES;
				CLANG_WARN_DEPRECATED_OBJC_IMPLEMENTATIONS = YES;
				CLANG_WARN_DIRECT_OBJC_ISA_USAGE = YES_ERROR;
				CLANG_WARN_DOCUMENTATION_COMMENTS = YES;
				CLANG_WARN_EMPTY_BODY = YES;
				CLANG_WARN_ENUM_CONVERSION = YES;
				CLANG_WARN_INFINITE_RECURSION = YES;
				CLANG_WARN_INT_CONVERSION = YES;
				CLANG_WARN_NON_LITERAL_NULL_CONVERSION = YES;
				CLANG_WARN_OBJC_IMPLICIT_RETAIN_SELF = YES;
				CLANG_WARN_OBJC_LITERAL_CONVERSION = YES;
				CLANG_WARN_OBJC_ROOT_CLASS = YES_ERROR;
				CLANG_WARN_QUOTED_INCLUDE_IN_FRAMEWORK_HEADER = YES;
				CLANG_WARN_RANGE_LOOP_ANALYSIS = YES;
				CLANG_WARN_STRICT_PROTOTYPES = YES;
				CLANG_WARN_SUSPICIOUS_MOVE = YES;
				CLANG_WARN_UNGUARDED_AVAILABILITY = YES_AGGRESSIVE;
				CLANG_WARN_UNREACHABLE_CODE = YES;
				CLANG_WARN__DUPLICATE_METHOD_MATCH = YES;
				COPY_PHASE_STRIP = NO;
				DEBUG_INFORMATION_FORMAT = "dwarf-with-dsym";
				ENABLE_NS_ASSERTIONS = NO;
				ENABLE_STRICT_OBJC_MSGSEND = YES;
				ENABLE_USER_SCRIPT_SANDBOXING = YES;
				GCC_C_LANGUAGE_STANDARD = gnu11;
				GCC_NO_COMMON_BLOCKS = YES;
				GCC_WARN_64_TO_32_BIT_CONVERSION = YES;
				GCC_WARN_ABOUT_RETURN_TYPE = YES_ERROR;
				GCC_WARN_UNDECLARED_SELECTOR = YES;
				GCC_WARN_UNINITIALIZED_AUTOS = YES_AGGRESSIVE;
				GCC_WARN_UNUSED_FUNCTION = YES;
				GCC_WARN_UNUSED_VARIABLE = YES;
				IPHONEOS_DEPLOYMENT_TARGET = 12.0;
				MTL_ENABLE_DEBUG_INFO = NO;
				MTL_FAST_MATH = YES;
				SDKROOT = iphoneos;
				SWIFT_COMPILATION_MODE = wholemodule;
				SWIFT_OPTIMIZATION_LEVEL = "-O";
				VALIDATE_PRODUCT = YES;
			};
			name = Release;
		};
		C8B4E26D2790594D0043D396 /* Debug */ = {
			isa = XCBuildConfiguration;
			buildSettings = {
				ASSETCATALOG_COMPILER_APPICON_NAME = AppIcon;
				ASSETCATALOG_COMPILER_GLOBAL_ACCENT_COLOR_NAME = AccentColor;
				CODE_SIGN_STYLE = Automatic;
				DEVELOPMENT_TEAM = 26KQZZMST2;
				INFOPLIST_FILE = Profit/Info.plist;
				IPHONEOS_DEPLOYMENT_TARGET = 12.0;
				LD_RUNPATH_SEARCH_PATHS = (
					"$(inherited)",
					"@executable_path/Frameworks",
				);
				PRODUCT_BUNDLE_IDENTIFIER = ru.dreamlikegod.Profit;
				PRODUCT_NAME = "$(TARGET_NAME)";
				SWIFT_VERSION = 5.0;
				TARGETED_DEVICE_FAMILY = 1;
			};
			name = Debug;
		};
		C8B4E26E2790594D0043D396 /* Release */ = {
			isa = XCBuildConfiguration;
			buildSettings = {
				ASSETCATALOG_COMPILER_APPICON_NAME = AppIcon;
				ASSETCATALOG_COMPILER_GLOBAL_ACCENT_COLOR_NAME = AccentColor;
				CODE_SIGN_STYLE = Automatic;
				DEVELOPMENT_TEAM = 26KQZZMST2;
				INFOPLIST_FILE = Profit/Info.plist;
				IPHONEOS_DEPLOYMENT_TARGET = 12.0;
				LD_RUNPATH_SEARCH_PATHS = (
					"$(inherited)",
					"@executable_path/Frameworks",
				);
				PRODUCT_BUNDLE_IDENTIFIER = ru.dreamlikegod.Profit;
				PRODUCT_NAME = "$(TARGET_NAME)";
				SWIFT_VERSION = 5.0;
				TARGETED_DEVICE_FAMILY = 1;
			};
			name = Release;
		};
/* End XCBuildConfiguration section */

/* Begin XCConfigurationList section */
		C8B4E2532790594A0043D396 /* Build configuration list for PBXProject "Profit" */ = {
			isa = XCConfigurationList;
			buildConfigurations = (
				C8B4E26A2790594D0043D396 /* Debug */,
				C8B4E26B2790594D0043D396 /* Release */,
			);
			defaultConfigurationIsVisible = 0;
			defaultConfigurationName = Release;
		};
		C8B4E26C2790594D0043D396 /* Build configuration list for PBXNativeTarget "Profit" */ = {
			isa = XCConfigurationList;
			buildConfigurations = (
				C8B4E26D2790594D0043D396 /* Debug */,
				C8B4E26E2790594D0043D396 /* Release */,
			);
			defaultConfigurationIsVisible = 0;
			defaultConfigurationName = Release;
		};
/* End XCConfigurationList section */

/* Begin XCRemoteSwiftPackageReference section */
		C85DB31E2AE6643E00F1CC5F /* XCRemoteSwiftPackageReference "realm-swift" */ = {
			isa = XCRemoteSwiftPackageReference;
			repositoryURL = "https://github.com/realm/realm-swift.git";
			requirement = {
				kind = upToNextMajorVersion;
				minimumVersion = 10.43.1;
			};
		};
/* End XCRemoteSwiftPackageReference section */

/* Begin XCSwiftPackageProductDependency section */
		C85DB31F2AE6643E00F1CC5F /* Realm */ = {
			isa = XCSwiftPackageProductDependency;
			package = C85DB31E2AE6643E00F1CC5F /* XCRemoteSwiftPackageReference "realm-swift" */;
			productName = Realm;
		};
		C85DB3212AE6643E00F1CC5F /* RealmSwift */ = {
			isa = XCSwiftPackageProductDependency;
			package = C85DB31E2AE6643E00F1CC5F /* XCRemoteSwiftPackageReference "realm-swift" */;
			productName = RealmSwift;
		};
/* End XCSwiftPackageProductDependency section */
	};
	rootObject = C8B4E2502790594A0043D396 /* Project object */;
}
